
Microsoft Visual Studio Solution File, Format Version 12.00
# Visual Studio Version 17
VisualStudioVersion = 17.7.34024.191
MinimumVisualStudioVersion = 10.0.40219.1
Project("{FAE04EC0-301F-11D3-BF4B-00C04F79EFBC}") = "Programación - Semana 4 - Actividad 1", "Programación - Semana 4 - Actividad 1\Programación - Semana 4 - Actividad 1.csproj", "{34B9BF00-A60D-4E1C-87C1-FA9CB8A25737}"
EndProject
Global
	GlobalSection(SolutionConfigurationPlatforms) = preSolution
		Debug|Any CPU = Debug|Any CPU
		Release|Any CPU = Release|Any CPU
	EndGlobalSection
	GlobalSection(ProjectConfigurationPlatforms) = postSolution
		{34B9BF00-A60D-4E1C-87C1-FA9CB8A25737}.Debug|Any CPU.ActiveCfg = Debug|Any CPU
		{34B9BF00-A60D-4E1C-87C1-FA9CB8A25737}.Debug|Any CPU.Build.0 = Debug|Any CPU
		{34B9BF00-A60D-4E1C-87C1-FA9CB8A25737}.Release|Any CPU.ActiveCfg = Release|Any CPU
		{34B9BF00-A60D-4E1C-87C1-FA9CB8A25737}.Release|Any CPU.Build.0 = Release|Any CPU
	EndGlobalSection
	GlobalSection(SolutionProperties) = preSolution
		HideSolutionNode = FALSE
	EndGlobalSection
	GlobalSection(ExtensibilityGlobals) = postSolution
		SolutionGuid = {BE7307FD-00C9-4735-BB07-DD661B0D7B4A}
	EndGlobalSection
EndGlobal
